
Microsoft Visual Studio Solution File, Format Version 12.00
# Visual Studio 15
VisualStudioVersion = 15.0.26228.9
MinimumVisualStudioVersion = 10.0.40219.1
Project("{9A19103F-16F7-4668-BE54-9A1E7A4F7556}") = "Pansies", "Source\Pansies.csproj", "{F37B1244-EF86-4650-85FD-046F06C5D674}"
EndProject
Global
	GlobalSection(SolutionConfigurationPlatforms) = preSolution
		Debug|Any CPU = Debug|Any CPU
		Release|Any CPU = Release|Any CPU
	EndGlobalSection
	GlobalSection(ProjectConfigurationPlatforms) = postSolution
		{F37B1244-EF86-4650-85FD-046F06C5D674}.Debug|Any CPU.ActiveCfg = Debug|Any CPU
		{F37B1244-EF86-4650-85FD-046F06C5D674}.Debug|Any CPU.Build.0 = Debug|Any CPU
		{F37B1244-EF86-4650-85FD-046F06C5D674}.Release|Any CPU.ActiveCfg = Release|Any CPU
		{F37B1244-EF86-4650-85FD-046F06C5D674}.Release|Any CPU.Build.0 = Release|Any CPU
	EndGlobalSection
	GlobalSection(SolutionProperties) = preSolution
		HideSolutionNode = FALSE
	EndGlobalSection
EndGlobal
