
Microsoft Visual Studio Solution File, Format Version 12.00
# Visual Studio Version 17
VisualStudioVersion = 17.0.31903.59
MinimumVisualStudioVersion = 10.0.40219.1
Project("{FAE04EC0-301F-11D3-BF4B-00C04F79EFBC}") = "Pansies", "Pansies.csproj", "{F525D6A2-CEB5-472F-9799-C8E9685AC6FD}"
EndProject
Global
	GlobalSection(SolutionConfigurationPlatforms) = preSolution
		Debug|Any CPU = Debug|Any CPU
		Release|Any CPU = Release|Any CPU
	EndGlobalSection
	GlobalSection(SolutionProperties) = preSolution
		HideSolutionNode = FALSE
	EndGlobalSection
	GlobalSection(ProjectConfigurationPlatforms) = postSolution
		{F525D6A2-CEB5-472F-9799-C8E9685AC6FD}.Debug|Any CPU.ActiveCfg = Debug|Any CPU
		{F525D6A2-CEB5-472F-9799-C8E9685AC6FD}.Debug|Any CPU.Build.0 = Debug|Any CPU
		{F525D6A2-CEB5-472F-9799-C8E9685AC6FD}.Release|Any CPU.ActiveCfg = Release|Any CPU
		{F525D6A2-CEB5-472F-9799-C8E9685AC6FD}.Release|Any CPU.Build.0 = Release|Any CPU
	EndGlobalSection
EndGlobal
